
Microsoft Visual Studio Solution File, Format Version 12.00
# Visual Studio Version 16
VisualStudioVersion = 16.0.29926.136
MinimumVisualStudioVersion = 10.0.40219.1
Project("{FAE04EC0-301F-11D3-BF4B-00C04F79EFBC}") = "LagunaInvoice.Portal", "LagunaInvoice.Portal\LagunaInvoice.Portal.csproj", "{414EB759-FEBF-48BF-A2D5-A7E52EB6A1A7}"
EndProject
Global
	GlobalSection(SolutionConfigurationPlatforms) = preSolution
		Debug|Any CPU = Debug|Any CPU
		Release|Any CPU = Release|Any CPU
	EndGlobalSection
	GlobalSection(ProjectConfigurationPlatforms) = postSolution
		{414EB759-FEBF-48BF-A2D5-A7E52EB6A1A7}.Debug|Any CPU.ActiveCfg = Debug|Any CPU
		{414EB759-FEBF-48BF-A2D5-A7E52EB6A1A7}.Debug|Any CPU.Build.0 = Debug|Any CPU
		{414EB759-FEBF-48BF-A2D5-A7E52EB6A1A7}.Release|Any CPU.ActiveCfg = Release|Any CPU
		{414EB759-FEBF-48BF-A2D5-A7E52EB6A1A7}.Release|Any CPU.Build.0 = Release|Any CPU
	EndGlobalSection
	GlobalSection(SolutionProperties) = preSolution
		HideSolutionNode = FALSE
	EndGlobalSection
	GlobalSection(ExtensibilityGlobals) = postSolution
		SolutionGuid = {022D6687-B94D-4626-A1DB-3A0238BB296D}
	EndGlobalSection
EndGlobal
